// !$*UTF8*$!
{
	archiveVersion = 1;
	classes = {
	};
	objectVersion = 77;
	objects = {

/* Begin PBXBuildFile section */
		AF48EFFC2C93842C00A07AAA /* ProductDetailsFeature in Frameworks */ = {isa = PBXBuildFile; productRef = AF48EFFB2C93842C00A07AAA /* ProductDetailsFeature */; };
		AFC478302C934A7F00DAC70E /* BrandUI in Frameworks */ = {isa = PBXBuildFile; productRef = AFC4782F2C934A7F00DAC70E /* BrandUI */; };
		AFC478332C934A9A00DAC70E /* BrandRemoteImage in Frameworks */ = {isa = PBXBuildFile; productRef = AFC478322C934A9A00DAC70E /* BrandRemoteImage */; };
		AFC478362C934AE000DAC70E /* CoreAPI in Frameworks */ = {isa = PBXBuildFile; productRef = AFC478352C934AE000DAC70E /* CoreAPI */; };
		AFC478392C934AFE00DAC70E /* BrandRepository in Frameworks */ = {isa = PBXBuildFile; productRef = AFC478382C934AFE00DAC70E /* BrandRepository */; };
		AFC4783C2C934B1D00DAC70E /* BrandUseCase in Frameworks */ = {isa = PBXBuildFile; productRef = AFC4783B2C934B1D00DAC70E /* BrandUseCase */; };
		AFC478402C934E6900DAC70E /* AppDependencyModule in Frameworks */ = {isa = PBXBuildFile; productRef = AFC4783F2C934E6900DAC70E /* AppDependencyModule */; };
		AFC478422C934F5D00DAC70E /* BrandDetailsFeature in Frameworks */ = {isa = PBXBuildFile; productRef = AFC478412C934F5D00DAC70E /* BrandDetailsFeature */; };
		AFD0EAA42C90FCBD00BA3991 /* SallaChallengesApp.swift in Sources */ = {isa = PBXBuildFile; fileRef = AFD0EAA32C90FCBD00BA3991 /* SallaChallengesApp.swift */; };
		AFD0EAA82C90FCC000BA3991 /* Assets.xcassets in Resources */ = {isa = PBXBuildFile; fileRef = AFD0EAA72C90FCC000BA3991 /* Assets.xcassets */; };
		AFD0EAAC2C90FCC000BA3991 /* Preview Assets.xcassets in Resources */ = {isa = PBXBuildFile; fileRef = AFD0EAAB2C90FCC000BA3991 /* Preview Assets.xcassets */; };
		AFD0EAD52C92293800BA3991 /* Kingfisher in Frameworks */ = {isa = PBXBuildFile; productRef = AFD0EAD42C92293800BA3991 /* Kingfisher */; };
		AFDF76EF2C930279005EECF3 /* AppCoordinator.swift in Sources */ = {isa = PBXBuildFile; fileRef = AFDF76EE2C930279005EECF3 /* AppCoordinator.swift */; };
		AFDF76F12C93039F005EECF3 /* SceneDelegate.swift in Sources */ = {isa = PBXBuildFile; fileRef = AFDF76F02C93039F005EECF3 /* SceneDelegate.swift */; };
		AFDF76F32C9306ED005EECF3 /* AppCoordinatorView.swift in Sources */ = {isa = PBXBuildFile; fileRef = AFDF76F22C9306ED005EECF3 /* AppCoordinatorView.swift */; };
/* End PBXBuildFile section */

/* Begin PBXFileReference section */
		AFD0EAA02C90FCBD00BA3991 /* SallaChallenges.app */ = {isa = PBXFileReference; explicitFileType = wrapper.application; includeInIndex = 0; path = SallaChallenges.app; sourceTree = BUILT_PRODUCTS_DIR; };
		AFD0EAA32C90FCBD00BA3991 /* SallaChallengesApp.swift */ = {isa = PBXFileReference; lastKnownFileType = sourcecode.swift; path = SallaChallengesApp.swift; sourceTree = "<group>"; };
		AFD0EAA72C90FCC000BA3991 /* Assets.xcassets */ = {isa = PBXFileReference; lastKnownFileType = folder.assetcatalog; path = Assets.xcassets; sourceTree = "<group>"; };
		AFD0EAA92C90FCC000BA3991 /* SallaChallenges.entitlements */ = {isa = PBXFileReference; lastKnownFileType = text.plist.entitlements; path = SallaChallenges.entitlements; sourceTree = "<group>"; };
		AFD0EAAB2C90FCC000BA3991 /* Preview Assets.xcassets */ = {isa = PBXFileReference; lastKnownFileType = folder.assetcatalog; path = "Preview Assets.xcassets"; sourceTree = "<group>"; };
		AFD0EAB22C90FCD700BA3991 /* Info.plist */ = {isa = PBXFileReference; lastKnownFileType = text.plist; path = Info.plist; sourceTree = "<group>"; };
		AFDF76EE2C930279005EECF3 /* AppCoordinator.swift */ = {isa = PBXFileReference; fileEncoding = 4; lastKnownFileType = sourcecode.swift; path = AppCoordinator.swift; sourceTree = "<group>"; };
		AFDF76F02C93039F005EECF3 /* SceneDelegate.swift */ = {isa = PBXFileReference; lastKnownFileType = sourcecode.swift; path = SceneDelegate.swift; sourceTree = "<group>"; };
		AFDF76F22C9306ED005EECF3 /* AppCoordinatorView.swift */ = {isa = PBXFileReference; lastKnownFileType = sourcecode.swift; path = AppCoordinatorView.swift; sourceTree = "<group>"; };
/* End PBXFileReference section */

/* Begin PBXFileSystemSynchronizedRootGroup section */
		AF9FCD202C9BA32E0025939F /* Package */ = {
			isa = PBXFileSystemSynchronizedRootGroup;
			path = Package;
			sourceTree = "<group>";
		};
/* End PBXFileSystemSynchronizedRootGroup section */

/* Begin PBXFrameworksBuildPhase section */
		AFD0EA9D2C90FCBD00BA3991 /* Frameworks */ = {
			isa = PBXFrameworksBuildPhase;
			buildActionMask = 2147483647;
			files = (
				AFC478362C934AE000DAC70E /* CoreAPI in Frameworks */,
				AFC478422C934F5D00DAC70E /* BrandDetailsFeature in Frameworks */,
				AF48EFFC2C93842C00A07AAA /* ProductDetailsFeature in Frameworks */,
				AFC478402C934E6900DAC70E /* AppDependencyModule in Frameworks */,
				AFC478302C934A7F00DAC70E /* BrandUI in Frameworks */,
				AFC478392C934AFE00DAC70E /* BrandRepository in Frameworks */,
				AFD0EAD52C92293800BA3991 /* Kingfisher in Frameworks */,
				AFC478332C934A9A00DAC70E /* BrandRemoteImage in Frameworks */,
				AFC4783C2C934B1D00DAC70E /* BrandUseCase in Frameworks */,
			);
			runOnlyForDeploymentPostprocessing = 0;
		};
/* End PBXFrameworksBuildPhase section */

/* Begin PBXGroup section */
		AFD0EA972C90FCBD00BA3991 = {
			isa = PBXGroup;
			children = (
				AF9FCD202C9BA32E0025939F /* Package */,
				AFD0EAA22C90FCBD00BA3991 /* SallaChallenges */,
				AFD0EAA12C90FCBD00BA3991 /* Products */,
				AFD0EAB32C90FCE700BA3991 /* Frameworks */,
			);
			sourceTree = "<group>";
		};
		AFD0EAA12C90FCBD00BA3991 /* Products */ = {
			isa = PBXGroup;
			children = (
				AFD0EAA02C90FCBD00BA3991 /* SallaChallenges.app */,
			);
			name = Products;
			sourceTree = "<group>";
		};
		AFD0EAA22C90FCBD00BA3991 /* SallaChallenges */ = {
			isa = PBXGroup;
			children = (
				AFD0EAB22C90FCD700BA3991 /* Info.plist */,
				AFDF76EE2C930279005EECF3 /* AppCoordinator.swift */,
				AFDF76F22C9306ED005EECF3 /* AppCoordinatorView.swift */,
				AFDF76F02C93039F005EECF3 /* SceneDelegate.swift */,
				AFD0EAA32C90FCBD00BA3991 /* SallaChallengesApp.swift */,
				AFD0EAA72C90FCC000BA3991 /* Assets.xcassets */,
				AFD0EAA92C90FCC000BA3991 /* SallaChallenges.entitlements */,
				AFD0EAAA2C90FCC000BA3991 /* Preview Content */,
			);
			path = SallaChallenges;
			sourceTree = "<group>";
		};
		AFD0EAAA2C90FCC000BA3991 /* Preview Content */ = {
			isa = PBXGroup;
			children = (
				AFD0EAAB2C90FCC000BA3991 /* Preview Assets.xcassets */,
			);
			path = "Preview Content";
			sourceTree = "<group>";
		};
		AFD0EAB32C90FCE700BA3991 /* Frameworks */ = {
			isa = PBXGroup;
			children = (
			);
			name = Frameworks;
			sourceTree = "<group>";
		};
/* End PBXGroup section */

/* Begin PBXNativeTarget section */
		AFD0EA9F2C90FCBD00BA3991 /* SallaChallenges */ = {
			isa = PBXNativeTarget;
			buildConfigurationList = AFD0EAAF2C90FCC000BA3991 /* Build configuration list for PBXNativeTarget "SallaChallenges" */;
			buildPhases = (
				AFD0EA9C2C90FCBD00BA3991 /* Sources */,
				AFD0EA9D2C90FCBD00BA3991 /* Frameworks */,
				AFD0EA9E2C90FCBD00BA3991 /* Resources */,
			);
			buildRules = (
			);
			dependencies = (
			);
			name = SallaChallenges;
			packageProductDependencies = (
				AFD0EAD42C92293800BA3991 /* Kingfisher */,
				AFC4782F2C934A7F00DAC70E /* BrandUI */,
				AFC478322C934A9A00DAC70E /* BrandRemoteImage */,
				AFC478352C934AE000DAC70E /* CoreAPI */,
				AFC478382C934AFE00DAC70E /* BrandRepository */,
				AFC4783B2C934B1D00DAC70E /* BrandUseCase */,
				AFC4783F2C934E6900DAC70E /* AppDependencyModule */,
				AFC478412C934F5D00DAC70E /* BrandDetailsFeature */,
				AF48EFFB2C93842C00A07AAA /* ProductDetailsFeature */,
			);
			productName = SallaChallenges;
			productReference = AFD0EAA02C90FCBD00BA3991 /* SallaChallenges.app */;
			productType = "com.apple.product-type.application";
		};
/* End PBXNativeTarget section */

/* Begin PBXProject section */
		AFD0EA982C90FCBD00BA3991 /* Project object */ = {
			isa = PBXProject;
			attributes = {
				BuildIndependentTargetsInParallel = 1;
				LastSwiftUpdateCheck = 1540;
				LastUpgradeCheck = 1540;
				TargetAttributes = {
					AFD0EA9F2C90FCBD00BA3991 = {
						CreatedOnToolsVersion = 15.4;
					};
				};
			};
			buildConfigurationList = AFD0EA9B2C90FCBD00BA3991 /* Build configuration list for PBXProject "SallaChallenges" */;
			developmentRegion = en;
			hasScannedForEncodings = 0;
			knownRegions = (
				en,
				Base,
			);
			mainGroup = AFD0EA972C90FCBD00BA3991;
			packageReferences = (
				AFD0EAD32C92293800BA3991 /* XCRemoteSwiftPackageReference "Kingfisher" */,
				AFC4782E2C934A7F00DAC70E /* XCRemoteSwiftPackageReference "BrandUI" */,
				AFC478312C934A9A00DAC70E /* XCRemoteSwiftPackageReference "BrandRemoteImage" */,
				AFC478342C934AE000DAC70E /* XCRemoteSwiftPackageReference "CoreAPI" */,
				AFC478372C934AFE00DAC70E /* XCRemoteSwiftPackageReference "BrandRepository" */,
				AFC4783A2C934B1D00DAC70E /* XCRemoteSwiftPackageReference "BrandUseCase" */,
				AFC4783D2C934B7F00DAC70E /* XCRemoteSwiftPackageReference "BrandDetailsFeature" */,
				AFC4783E2C934E6900DAC70E /* XCRemoteSwiftPackageReference "AppDependencyModule" */,
				AF48EFFA2C93842C00A07AAA /* XCRemoteSwiftPackageReference "ProductDetailsFeature" */,
			);
			preferredProjectObjectVersion = 77;
			productRefGroup = AFD0EAA12C90FCBD00BA3991 /* Products */;
			projectDirPath = "";
			projectRoot = "";
			targets = (
				AFD0EA9F2C90FCBD00BA3991 /* SallaChallenges */,
			);
		};
/* End PBXProject section */

/* Begin PBXResourcesBuildPhase section */
		AFD0EA9E2C90FCBD00BA3991 /* Resources */ = {
			isa = PBXResourcesBuildPhase;
			buildActionMask = 2147483647;
			files = (
				AFD0EAAC2C90FCC000BA3991 /* Preview Assets.xcassets in Resources */,
				AFD0EAA82C90FCC000BA3991 /* Assets.xcassets in Resources */,
			);
			runOnlyForDeploymentPostprocessing = 0;
		};
/* End PBXResourcesBuildPhase section */

/* Begin PBXSourcesBuildPhase section */
		AFD0EA9C2C90FCBD00BA3991 /* Sources */ = {
			isa = PBXSourcesBuildPhase;
			buildActionMask = 2147483647;
			files = (
				AFDF76EF2C930279005EECF3 /* AppCoordinator.swift in Sources */,
				AFD0EAA42C90FCBD00BA3991 /* SallaChallengesApp.swift in Sources */,
				AFDF76F12C93039F005EECF3 /* SceneDelegate.swift in Sources */,
				AFDF76F32C9306ED005EECF3 /* AppCoordinatorView.swift in Sources */,
			);
			runOnlyForDeploymentPostprocessing = 0;
		};
/* End PBXSourcesBuildPhase section */

/* Begin XCBuildConfiguration section */
		AFD0EAAD2C90FCC000BA3991 /* Debug */ = {
			isa = XCBuildConfiguration;
			buildSettings = {
				ALWAYS_SEARCH_USER_PATHS = NO;
				ASSETCATALOG_COMPILER_GENERATE_SWIFT_ASSET_SYMBOL_EXTENSIONS = YES;
				CLANG_ANALYZER_NONNULL = YES;
				CLANG_ANALYZER_NUMBER_OBJECT_CONVERSION = YES_AGGRESSIVE;
				CLANG_CXX_LANGUAGE_STANDARD = "gnu++20";
				CLANG_ENABLE_MODULES = YES;
				CLANG_ENABLE_OBJC_ARC = YES;
				CLANG_ENABLE_OBJC_WEAK = YES;
				CLANG_WARN_BLOCK_CAPTURE_AUTORELEASING = YES;
				CLANG_WARN_BOOL_CONVERSION = YES;
				CLANG_WARN_COMMA = YES;
				CLANG_WARN_CONSTANT_CONVERSION = YES;
				CLANG_WARN_DEPRECATED_OBJC_IMPLEMENTATIONS = YES;
				CLANG_WARN_DIRECT_OBJC_ISA_USAGE = YES_ERROR;
				CLANG_WARN_DOCUMENTATION_COMMENTS = YES;
				CLANG_WARN_EMPTY_BODY = YES;
				CLANG_WARN_ENUM_CONVERSION = YES;
				CLANG_WARN_INFINITE_RECURSION = YES;
				CLANG_WARN_INT_CONVERSION = YES;
				CLANG_WARN_NON_LITERAL_NULL_CONVERSION = YES;
				CLANG_WARN_OBJC_IMPLICIT_RETAIN_SELF = YES;
				CLANG_WARN_OBJC_LITERAL_CONVERSION = YES;
				CLANG_WARN_OBJC_ROOT_CLASS = YES_ERROR;
				CLANG_WARN_QUOTED_INCLUDE_IN_FRAMEWORK_HEADER = YES;
				CLANG_WARN_RANGE_LOOP_ANALYSIS = YES;
				CLANG_WARN_STRICT_PROTOTYPES = YES;
				CLANG_WARN_SUSPICIOUS_MOVE = YES;
				CLANG_WARN_UNGUARDED_AVAILABILITY = YES_AGGRESSIVE;
				CLANG_WARN_UNREACHABLE_CODE = YES;
				CLANG_WARN__DUPLICATE_METHOD_MATCH = YES;
				COPY_PHASE_STRIP = NO;
				DEBUG_INFORMATION_FORMAT = dwarf;
				ENABLE_STRICT_OBJC_MSGSEND = YES;
				ENABLE_TESTABILITY = YES;
				ENABLE_USER_SCRIPT_SANDBOXING = YES;
				GCC_C_LANGUAGE_STANDARD = gnu17;
				GCC_DYNAMIC_NO_PIC = NO;
				GCC_NO_COMMON_BLOCKS = YES;
				GCC_OPTIMIZATION_LEVEL = 0;
				GCC_PREPROCESSOR_DEFINITIONS = (
					"DEBUG=1",
					"$(inherited)",
				);
				GCC_WARN_64_TO_32_BIT_CONVERSION = YES;
				GCC_WARN_ABOUT_RETURN_TYPE = YES_ERROR;
				GCC_WARN_UNDECLARED_SELECTOR = YES;
				GCC_WARN_UNINITIALIZED_AUTOS = YES_AGGRESSIVE;
				GCC_WARN_UNUSED_FUNCTION = YES;
				GCC_WARN_UNUSED_VARIABLE = YES;
				LOCALIZATION_PREFERS_STRING_CATALOGS = YES;
				MTL_ENABLE_DEBUG_INFO = INCLUDE_SOURCE;
				MTL_FAST_MATH = YES;
				ONLY_ACTIVE_ARCH = YES;
				SWIFT_ACTIVE_COMPILATION_CONDITIONS = "DEBUG $(inherited)";
				SWIFT_OPTIMIZATION_LEVEL = "-Onone";
			};
			name = Debug;
		};
		AFD0EAAE2C90FCC000BA3991 /* Release */ = {
			isa = XCBuildConfiguration;
			buildSettings = {
				ALWAYS_SEARCH_USER_PATHS = NO;
				ASSETCATALOG_COMPILER_GENERATE_SWIFT_ASSET_SYMBOL_EXTENSIONS = YES;
				CLANG_ANALYZER_NONNULL = YES;
				CLANG_ANALYZER_NUMBER_OBJECT_CONVERSION = YES_AGGRESSIVE;
				CLANG_CXX_LANGUAGE_STANDARD = "gnu++20";
				CLANG_ENABLE_MODULES = YES;
				CLANG_ENABLE_OBJC_ARC = YES;
				CLANG_ENABLE_OBJC_WEAK = YES;
				CLANG_WARN_BLOCK_CAPTURE_AUTORELEASING = YES;
				CLANG_WARN_BOOL_CONVERSION = YES;
				CLANG_WARN_COMMA = YES;
				CLANG_WARN_CONSTANT_CONVERSION = YES;
				CLANG_WARN_DEPRECATED_OBJC_IMPLEMENTATIONS = YES;
				CLANG_WARN_DIRECT_OBJC_ISA_USAGE = YES_ERROR;
				CLANG_WARN_DOCUMENTATION_COMMENTS = YES;
				CLANG_WARN_EMPTY_BODY = YES;
				CLANG_WARN_ENUM_CONVERSION = YES;
				CLANG_WARN_INFINITE_RECURSION = YES;
				CLANG_WARN_INT_CONVERSION = YES;
				CLANG_WARN_NON_LITERAL_NULL_CONVERSION = YES;
				CLANG_WARN_OBJC_IMPLICIT_RETAIN_SELF = YES;
				CLANG_WARN_OBJC_LITERAL_CONVERSION = YES;
				CLANG_WARN_OBJC_ROOT_CLASS = YES_ERROR;
				CLANG_WARN_QUOTED_INCLUDE_IN_FRAMEWORK_HEADER = YES;
				CLANG_WARN_RANGE_LOOP_ANALYSIS = YES;
				CLANG_WARN_STRICT_PROTOTYPES = YES;
				CLANG_WARN_SUSPICIOUS_MOVE = YES;
				CLANG_WARN_UNGUARDED_AVAILABILITY = YES_AGGRESSIVE;
				CLANG_WARN_UNREACHABLE_CODE = YES;
				CLANG_WARN__DUPLICATE_METHOD_MATCH = YES;
				COPY_PHASE_STRIP = NO;
				DEBUG_INFORMATION_FORMAT = "dwarf-with-dsym";
				ENABLE_NS_ASSERTIONS = NO;
				ENABLE_STRICT_OBJC_MSGSEND = YES;
				ENABLE_USER_SCRIPT_SANDBOXING = YES;
				GCC_C_LANGUAGE_STANDARD = gnu17;
				GCC_NO_COMMON_BLOCKS = YES;
				GCC_WARN_64_TO_32_BIT_CONVERSION = YES;
				GCC_WARN_ABOUT_RETURN_TYPE = YES_ERROR;
				GCC_WARN_UNDECLARED_SELECTOR = YES;
				GCC_WARN_UNINITIALIZED_AUTOS = YES_AGGRESSIVE;
				GCC_WARN_UNUSED_FUNCTION = YES;
				GCC_WARN_UNUSED_VARIABLE = YES;
				LOCALIZATION_PREFERS_STRING_CATALOGS = YES;
				MTL_ENABLE_DEBUG_INFO = NO;
				MTL_FAST_MATH = YES;
				SWIFT_COMPILATION_MODE = wholemodule;
			};
			name = Release;
		};
		AFD0EAB02C90FCC000BA3991 /* Debug */ = {
			isa = XCBuildConfiguration;
			buildSettings = {
				ASSETCATALOG_COMPILER_APPICON_NAME = AppIcon;
				ASSETCATALOG_COMPILER_GLOBAL_ACCENT_COLOR_NAME = AccentColor;
				CODE_SIGN_ENTITLEMENTS = SallaChallenges/SallaChallenges.entitlements;
				CODE_SIGN_STYLE = Automatic;
				CURRENT_PROJECT_VERSION = 1;
				DEVELOPMENT_ASSET_PATHS = "\"SallaChallenges/Preview Content\"";
				DEVELOPMENT_TEAM = KM569NM77P;
				ENABLE_HARDENED_RUNTIME = YES;
				ENABLE_PREVIEWS = YES;
				GENERATE_INFOPLIST_FILE = YES;
				INFOPLIST_FILE = SallaChallenges/Info.plist;
				"INFOPLIST_KEY_UIApplicationSceneManifest_Generation[sdk=iphoneos*]" = YES;
				"INFOPLIST_KEY_UIApplicationSceneManifest_Generation[sdk=iphonesimulator*]" = YES;
				"INFOPLIST_KEY_UIApplicationSupportsIndirectInputEvents[sdk=iphoneos*]" = YES;
				"INFOPLIST_KEY_UIApplicationSupportsIndirectInputEvents[sdk=iphonesimulator*]" = YES;
				"INFOPLIST_KEY_UILaunchScreen_Generation[sdk=iphoneos*]" = YES;
				"INFOPLIST_KEY_UILaunchScreen_Generation[sdk=iphonesimulator*]" = YES;
				"INFOPLIST_KEY_UIStatusBarStyle[sdk=iphoneos*]" = UIStatusBarStyleDefault;
				"INFOPLIST_KEY_UIStatusBarStyle[sdk=iphonesimulator*]" = UIStatusBarStyleDefault;
				INFOPLIST_KEY_UISupportedInterfaceOrientations_iPad = "UIInterfaceOrientationPortrait UIInterfaceOrientationPortraitUpsideDown UIInterfaceOrientationLandscapeLeft UIInterfaceOrientationLandscapeRight";
				INFOPLIST_KEY_UISupportedInterfaceOrientations_iPhone = "UIInterfaceOrientationPortrait UIInterfaceOrientationLandscapeLeft UIInterfaceOrientationLandscapeRight";
				IPHONEOS_DEPLOYMENT_TARGET = 17.5;
				LD_RUNPATH_SEARCH_PATHS = "@executable_path/Frameworks";
				"LD_RUNPATH_SEARCH_PATHS[sdk=macosx*]" = "@executable_path/../Frameworks";
				MACOSX_DEPLOYMENT_TARGET = 14.5;
				MARKETING_VERSION = 1.0;
				PRODUCT_BUNDLE_IDENTIFIER = com.Obada.SallaChallenges;
				PRODUCT_NAME = "$(TARGET_NAME)";
				SDKROOT = auto;
				SUPPORTED_PLATFORMS = "iphoneos iphonesimulator macosx";
				SWIFT_EMIT_LOC_STRINGS = YES;
				SWIFT_VERSION = 5.0;
				TARGETED_DEVICE_FAMILY = "1,2";
			};
			name = Debug;
		};
		AFD0EAB12C90FCC000BA3991 /* Release */ = {
			isa = XCBuildConfiguration;
			buildSettings = {
				ASSETCATALOG_COMPILER_APPICON_NAME = AppIcon;
				ASSETCATALOG_COMPILER_GLOBAL_ACCENT_COLOR_NAME = AccentColor;
				CODE_SIGN_ENTITLEMENTS = SallaChallenges/SallaChallenges.entitlements;
				CODE_SIGN_STYLE = Automatic;
				CURRENT_PROJECT_VERSION = 1;
				DEVELOPMENT_ASSET_PATHS = "\"SallaChallenges/Preview Content\"";
				DEVELOPMENT_TEAM = KM569NM77P;
				ENABLE_HARDENED_RUNTIME = YES;
				ENABLE_PREVIEWS = YES;
				GENERATE_INFOPLIST_FILE = YES;
				INFOPLIST_FILE = SallaChallenges/Info.plist;
				"INFOPLIST_KEY_UIApplicationSceneManifest_Generation[sdk=iphoneos*]" = YES;
				"INFOPLIST_KEY_UIApplicationSceneManifest_Generation[sdk=iphonesimulator*]" = YES;
				"INFOPLIST_KEY_UIApplicationSupportsIndirectInputEvents[sdk=iphoneos*]" = YES;
				"INFOPLIST_KEY_UIApplicationSupportsIndirectInputEvents[sdk=iphonesimulator*]" = YES;
				"INFOPLIST_KEY_UILaunchScreen_Generation[sdk=iphoneos*]" = YES;
				"INFOPLIST_KEY_UILaunchScreen_Generation[sdk=iphonesimulator*]" = YES;
				"INFOPLIST_KEY_UIStatusBarStyle[sdk=iphoneos*]" = UIStatusBarStyleDefault;
				"INFOPLIST_KEY_UIStatusBarStyle[sdk=iphonesimulator*]" = UIStatusBarStyleDefault;
				INFOPLIST_KEY_UISupportedInterfaceOrientations_iPad = "UIInterfaceOrientationPortrait UIInterfaceOrientationPortraitUpsideDown UIInterfaceOrientationLandscapeLeft UIInterfaceOrientationLandscapeRight";
				INFOPLIST_KEY_UISupportedInterfaceOrientations_iPhone = "UIInterfaceOrientationPortrait UIInterfaceOrientationLandscapeLeft UIInterfaceOrientationLandscapeRight";
				IPHONEOS_DEPLOYMENT_TARGET = 17.5;
				LD_RUNPATH_SEARCH_PATHS = "@executable_path/Frameworks";
				"LD_RUNPATH_SEARCH_PATHS[sdk=macosx*]" = "@executable_path/../Frameworks";
				MACOSX_DEPLOYMENT_TARGET = 14.5;
				MARKETING_VERSION = 1.0;
				PRODUCT_BUNDLE_IDENTIFIER = com.Obada.SallaChallenges;
				PRODUCT_NAME = "$(TARGET_NAME)";
				SDKROOT = auto;
				SUPPORTED_PLATFORMS = "iphoneos iphonesimulator macosx";
				SWIFT_EMIT_LOC_STRINGS = YES;
				SWIFT_VERSION = 5.0;
				TARGETED_DEVICE_FAMILY = "1,2";
			};
			name = Release;
		};
/* End XCBuildConfiguration section */

/* Begin XCConfigurationList section */
		AFD0EA9B2C90FCBD00BA3991 /* Build configuration list for PBXProject "SallaChallenges" */ = {
			isa = XCConfigurationList;
			buildConfigurations = (
				AFD0EAAD2C90FCC000BA3991 /* Debug */,
				AFD0EAAE2C90FCC000BA3991 /* Release */,
			);
			defaultConfigurationIsVisible = 0;
			defaultConfigurationName = Release;
		};
		AFD0EAAF2C90FCC000BA3991 /* Build configuration list for PBXNativeTarget "SallaChallenges" */ = {
			isa = XCConfigurationList;
			buildConfigurations = (
				AFD0EAB02C90FCC000BA3991 /* Debug */,
				AFD0EAB12C90FCC000BA3991 /* Release */,
			);
			defaultConfigurationIsVisible = 0;
			defaultConfigurationName = Release;
		};
/* End XCConfigurationList section */

/* Begin XCRemoteSwiftPackageReference section */
		AF48EFFA2C93842C00A07AAA /* XCRemoteSwiftPackageReference "ProductDetailsFeature" */ = {
			isa = XCRemoteSwiftPackageReference;
			repositoryURL = "https://github.com/obadasemary/ProductDetailsFeature.git";
			requirement = {
				kind = upToNextMajorVersion;
				minimumVersion = 1.0.0;
			};
		};
		AFC4782E2C934A7F00DAC70E /* XCRemoteSwiftPackageReference "BrandUI" */ = {
			isa = XCRemoteSwiftPackageReference;
			repositoryURL = "https://github.com/obadasemary/BrandUI.git";
			requirement = {
				kind = upToNextMajorVersion;
				minimumVersion = 1.0.2;
			};
		};
		AFC478312C934A9A00DAC70E /* XCRemoteSwiftPackageReference "BrandRemoteImage" */ = {
			isa = XCRemoteSwiftPackageReference;
			repositoryURL = "https://github.com/obadasemary/BrandRemoteImage.git";
			requirement = {
				kind = upToNextMajorVersion;
				minimumVersion = 1.0.0;
			};
		};
		AFC478342C934AE000DAC70E /* XCRemoteSwiftPackageReference "CoreAPI" */ = {
			isa = XCRemoteSwiftPackageReference;
			repositoryURL = "https://github.com/obadasemary/CoreAPI.git";
			requirement = {
				kind = upToNextMajorVersion;
				minimumVersion = 1.0.2;
			};
		};
		AFC478372C934AFE00DAC70E /* XCRemoteSwiftPackageReference "BrandRepository" */ = {
			isa = XCRemoteSwiftPackageReference;
			repositoryURL = "https://github.com/obadasemary/BrandRepository.git";
			requirement = {
				kind = upToNextMajorVersion;
				minimumVersion = 1.0.2;
			};
		};
		AFC4783A2C934B1D00DAC70E /* XCRemoteSwiftPackageReference "BrandUseCase" */ = {
			isa = XCRemoteSwiftPackageReference;
			repositoryURL = "https://github.com/obadasemary/BrandUseCase.git";
			requirement = {
				kind = upToNextMajorVersion;
				minimumVersion = 1.0.3;
			};
		};
		AFC4783D2C934B7F00DAC70E /* XCRemoteSwiftPackageReference "BrandDetailsFeature" */ = {
			isa = XCRemoteSwiftPackageReference;
			repositoryURL = "https://github.com/obadasemary/BrandDetailsFeature.git";
			requirement = {
				kind = upToNextMajorVersion;
				minimumVersion = 1.0.0;
			};
		};
		AFC4783E2C934E6900DAC70E /* XCRemoteSwiftPackageReference "AppDependencyModule" */ = {
			isa = XCRemoteSwiftPackageReference;
			repositoryURL = "https://github.com/obadasemary/AppDependencyModule.git";
			requirement = {
				kind = upToNextMajorVersion;
				minimumVersion = 1.0.1;
			};
		};
		AFD0EAD32C92293800BA3991 /* XCRemoteSwiftPackageReference "Kingfisher" */ = {
			isa = XCRemoteSwiftPackageReference;
			repositoryURL = "https://github.com/onevcat/Kingfisher.git";
			requirement = {
				kind = upToNextMajorVersion;
				minimumVersion = 7.12.0;
			};
		};
/* End XCRemoteSwiftPackageReference section */

/* Begin XCSwiftPackageProductDependency section */
		AF48EFFB2C93842C00A07AAA /* ProductDetailsFeature */ = {
			isa = XCSwiftPackageProductDependency;
			package = AF48EFFA2C93842C00A07AAA /* XCRemoteSwiftPackageReference "ProductDetailsFeature" */;
			productName = ProductDetailsFeature;
		};
		AFC4782F2C934A7F00DAC70E /* BrandUI */ = {
			isa = XCSwiftPackageProductDependency;
			package = AFC4782E2C934A7F00DAC70E /* XCRemoteSwiftPackageReference "BrandUI" */;
			productName = BrandUI;
		};
		AFC478322C934A9A00DAC70E /* BrandRemoteImage */ = {
			isa = XCSwiftPackageProductDependency;
			package = AFC478312C934A9A00DAC70E /* XCRemoteSwiftPackageReference "BrandRemoteImage" */;
			productName = BrandRemoteImage;
		};
		AFC478352C934AE000DAC70E /* CoreAPI */ = {
			isa = XCSwiftPackageProductDependency;
			package = AFC478342C934AE000DAC70E /* XCRemoteSwiftPackageReference "CoreAPI" */;
			productName = CoreAPI;
		};
		AFC478382C934AFE00DAC70E /* BrandRepository */ = {
			isa = XCSwiftPackageProductDependency;
			package = AFC478372C934AFE00DAC70E /* XCRemoteSwiftPackageReference "BrandRepository" */;
			productName = BrandRepository;
		};
		AFC4783B2C934B1D00DAC70E /* BrandUseCase */ = {
			isa = XCSwiftPackageProductDependency;
			package = AFC4783A2C934B1D00DAC70E /* XCRemoteSwiftPackageReference "BrandUseCase" */;
			productName = BrandUseCase;
		};
		AFC4783F2C934E6900DAC70E /* AppDependencyModule */ = {
			isa = XCSwiftPackageProductDependency;
			package = AFC4783E2C934E6900DAC70E /* XCRemoteSwiftPackageReference "AppDependencyModule" */;
			productName = AppDependencyModule;
		};
		AFC478412C934F5D00DAC70E /* BrandDetailsFeature */ = {
			isa = XCSwiftPackageProductDependency;
			package = AFC4783D2C934B7F00DAC70E /* XCRemoteSwiftPackageReference "BrandDetailsFeature" */;
			productName = BrandDetailsFeature;
		};
		AFD0EAD42C92293800BA3991 /* Kingfisher */ = {
			isa = XCSwiftPackageProductDependency;
			package = AFD0EAD32C92293800BA3991 /* XCRemoteSwiftPackageReference "Kingfisher" */;
			productName = Kingfisher;
		};
/* End XCSwiftPackageProductDependency section */
	};
	rootObject = AFD0EA982C90FCBD00BA3991 /* Project object */;
}
